
Microsoft Visual Studio Solution File, Format Version 12.00
# Visual Studio Version 16
VisualStudioVersion = 16.0.29905.134
MinimumVisualStudioVersion = 10.0.40219.1
Project("{9A19103F-16F7-4668-BE54-9A1E7A4F7556}") = "TransportLogistics", "TransportLogistics\TransportLogistics.csproj", "{A2897958-7DD6-4C5C-AD01-0F758B2D8AC7}"
EndProject
Project("{9A19103F-16F7-4668-BE54-9A1E7A4F7556}") = "TransportLogistics.DataAccess", "TransportLogistics.DataAccess\TransportLogistics.DataAccess.csproj", "{6D6370E7-2732-4507-A854-307D960DFCD8}"
EndProject
Project("{9A19103F-16F7-4668-BE54-9A1E7A4F7556}") = "TransportLogistics.ApplicationLogic", "TransportLogistics.ApplicationLogic\TransportLogistics.ApplicationLogic.csproj", "{83B5E3C9-1825-462B-9422-0650845392E6}"
EndProject
Project("{9A19103F-16F7-4668-BE54-9A1E7A4F7556}") = "TransportLogistics.Model", "TransportLogistics.Model\TransportLogistics.Model.csproj", "{A2A13964-532B-4FC5-9686-EC428DCEB2B2}"
EndProject
Project("{9A19103F-16F7-4668-BE54-9A1E7A4F7556}") = "TransportLogistics.DataAccess.Abstractions", "TransportLogistics.DataAccess.Abstractions\TransportLogistics.DataAccess.Abstractions.csproj", "{31381DE5-3022-4324-873A-6B53FFAC8328}"
EndProject
Project("{2150E333-8FDC-42A3-9474-1A3956D46DE8}") = "UI", "UI", "{A6FF3357-43B3-4571-9BD8-C61F8D464675}"
EndProject
Project("{2150E333-8FDC-42A3-9474-1A3956D46DE8}") = "Logic", "Logic", "{842E645A-9628-492C-A232-4BAA99397D5E}"
EndProject
Project("{2150E333-8FDC-42A3-9474-1A3956D46DE8}") = "DataAccess", "DataAccess", "{8CC96FE3-3874-437F-A2E3-814A6840113F}"
EndProject
Project("{FAE04EC0-301F-11D3-BF4B-00C04F79EFBC}") = "TransportLogistics.SignalR", "SignalR\TransportLogistics.SignalR.csproj", "{F75BC906-94CA-463A-BD60-813536F038F0}"
EndProject
Global
	GlobalSection(SolutionConfigurationPlatforms) = preSolution
		Debug|Any CPU = Debug|Any CPU
		Release|Any CPU = Release|Any CPU
	EndGlobalSection
	GlobalSection(ProjectConfigurationPlatforms) = postSolution
		{A2897958-7DD6-4C5C-AD01-0F758B2D8AC7}.Debug|Any CPU.ActiveCfg = Debug|Any CPU
		{A2897958-7DD6-4C5C-AD01-0F758B2D8AC7}.Debug|Any CPU.Build.0 = Debug|Any CPU
		{A2897958-7DD6-4C5C-AD01-0F758B2D8AC7}.Release|Any CPU.ActiveCfg = Release|Any CPU
		{A2897958-7DD6-4C5C-AD01-0F758B2D8AC7}.Release|Any CPU.Build.0 = Release|Any CPU
		{6D6370E7-2732-4507-A854-307D960DFCD8}.Debug|Any CPU.ActiveCfg = Debug|Any CPU
		{6D6370E7-2732-4507-A854-307D960DFCD8}.Debug|Any CPU.Build.0 = Debug|Any CPU
		{6D6370E7-2732-4507-A854-307D960DFCD8}.Release|Any CPU.ActiveCfg = Release|Any CPU
		{6D6370E7-2732-4507-A854-307D960DFCD8}.Release|Any CPU.Build.0 = Release|Any CPU
		{83B5E3C9-1825-462B-9422-0650845392E6}.Debug|Any CPU.ActiveCfg = Debug|Any CPU
		{83B5E3C9-1825-462B-9422-0650845392E6}.Debug|Any CPU.Build.0 = Debug|Any CPU
		{83B5E3C9-1825-462B-9422-0650845392E6}.Release|Any CPU.ActiveCfg = Release|Any CPU
		{83B5E3C9-1825-462B-9422-0650845392E6}.Release|Any CPU.Build.0 = Release|Any CPU
		{A2A13964-532B-4FC5-9686-EC428DCEB2B2}.Debug|Any CPU.ActiveCfg = Debug|Any CPU
		{A2A13964-532B-4FC5-9686-EC428DCEB2B2}.Debug|Any CPU.Build.0 = Debug|Any CPU
		{A2A13964-532B-4FC5-9686-EC428DCEB2B2}.Release|Any CPU.ActiveCfg = Release|Any CPU
		{A2A13964-532B-4FC5-9686-EC428DCEB2B2}.Release|Any CPU.Build.0 = Release|Any CPU
		{31381DE5-3022-4324-873A-6B53FFAC8328}.Debug|Any CPU.ActiveCfg = Debug|Any CPU
		{31381DE5-3022-4324-873A-6B53FFAC8328}.Debug|Any CPU.Build.0 = Debug|Any CPU
		{31381DE5-3022-4324-873A-6B53FFAC8328}.Release|Any CPU.ActiveCfg = Release|Any CPU
		{31381DE5-3022-4324-873A-6B53FFAC8328}.Release|Any CPU.Build.0 = Release|Any CPU
		{F75BC906-94CA-463A-BD60-813536F038F0}.Debug|Any CPU.ActiveCfg = Debug|Any CPU
		{F75BC906-94CA-463A-BD60-813536F038F0}.Debug|Any CPU.Build.0 = Debug|Any CPU
		{F75BC906-94CA-463A-BD60-813536F038F0}.Release|Any CPU.ActiveCfg = Release|Any CPU
		{F75BC906-94CA-463A-BD60-813536F038F0}.Release|Any CPU.Build.0 = Release|Any CPU
	EndGlobalSection
	GlobalSection(SolutionProperties) = preSolution
		HideSolutionNode = FALSE
	EndGlobalSection
	GlobalSection(NestedProjects) = preSolution
		{A2897958-7DD6-4C5C-AD01-0F758B2D8AC7} = {A6FF3357-43B3-4571-9BD8-C61F8D464675}
		{6D6370E7-2732-4507-A854-307D960DFCD8} = {8CC96FE3-3874-437F-A2E3-814A6840113F}
		{83B5E3C9-1825-462B-9422-0650845392E6} = {842E645A-9628-492C-A232-4BAA99397D5E}
		{A2A13964-532B-4FC5-9686-EC428DCEB2B2} = {842E645A-9628-492C-A232-4BAA99397D5E}
		{31381DE5-3022-4324-873A-6B53FFAC8328} = {8CC96FE3-3874-437F-A2E3-814A6840113F}
	EndGlobalSection
	GlobalSection(ExtensibilityGlobals) = postSolution
		SolutionGuid = {EF31AF31-C8FE-4D76-9CBF-1ACDC1DE71C0}
	EndGlobalSection
EndGlobal
