
Microsoft Visual Studio Solution File, Format Version 12.00
# Visual Studio Version 16
VisualStudioVersion = 16.0.29905.134
MinimumVisualStudioVersion = 10.0.40219.1
Project("{9A19103F-16F7-4668-BE54-9A1E7A4F7556}") = "TransportLogistics", "TransportLogistics\TransportLogistics.csproj", "{A2897958-7DD6-4C5C-AD01-0F758B2D8AC7}"
EndProject
Project("{FAE04EC0-301F-11D3-BF4B-00C04F79EFBC}") = "TransportLogistics.DataAccess", "TransportLogistics.DataAccess\TransportLogistics.DataAccess.csproj", "{6D6370E7-2732-4507-A854-307D960DFCD8}"
EndProject
Project("{FAE04EC0-301F-11D3-BF4B-00C04F79EFBC}") = "TransportLogistics.ApplicationLogic", "TransportLogistics.ApplicationLogic\TransportLogistics.ApplicationLogic.csproj", "{83B5E3C9-1825-462B-9422-0650845392E6}"
EndProject
Global
	GlobalSection(SolutionConfigurationPlatforms) = preSolution
		Debug|Any CPU = Debug|Any CPU
		Release|Any CPU = Release|Any CPU
	EndGlobalSection
	GlobalSection(ProjectConfigurationPlatforms) = postSolution
		{A2897958-7DD6-4C5C-AD01-0F758B2D8AC7}.Debug|Any CPU.ActiveCfg = Debug|Any CPU
		{A2897958-7DD6-4C5C-AD01-0F758B2D8AC7}.Debug|Any CPU.Build.0 = Debug|Any CPU
		{A2897958-7DD6-4C5C-AD01-0F758B2D8AC7}.Release|Any CPU.ActiveCfg = Release|Any CPU
		{A2897958-7DD6-4C5C-AD01-0F758B2D8AC7}.Release|Any CPU.Build.0 = Release|Any CPU
		{6D6370E7-2732-4507-A854-307D960DFCD8}.Debug|Any CPU.ActiveCfg = Debug|Any CPU
		{6D6370E7-2732-4507-A854-307D960DFCD8}.Debug|Any CPU.Build.0 = Debug|Any CPU
		{6D6370E7-2732-4507-A854-307D960DFCD8}.Release|Any CPU.ActiveCfg = Release|Any CPU
		{6D6370E7-2732-4507-A854-307D960DFCD8}.Release|Any CPU.Build.0 = Release|Any CPU
		{83B5E3C9-1825-462B-9422-0650845392E6}.Debug|Any CPU.ActiveCfg = Debug|Any CPU
		{83B5E3C9-1825-462B-9422-0650845392E6}.Debug|Any CPU.Build.0 = Debug|Any CPU
		{83B5E3C9-1825-462B-9422-0650845392E6}.Release|Any CPU.ActiveCfg = Release|Any CPU
		{83B5E3C9-1825-462B-9422-0650845392E6}.Release|Any CPU.Build.0 = Release|Any CPU
	EndGlobalSection
	GlobalSection(SolutionProperties) = preSolution
		HideSolutionNode = FALSE
	EndGlobalSection
	GlobalSection(ExtensibilityGlobals) = postSolution
		SolutionGuid = {EF31AF31-C8FE-4D76-9CBF-1ACDC1DE71C0}
	EndGlobalSection
EndGlobal
